
Microsoft Visual Studio Solution File, Format Version 12.00
# Visual Studio Version 17
VisualStudioVersion = 17.11.35312.102
MinimumVisualStudioVersion = 10.0.40219.1
Project("{FAE04EC0-301F-11D3-BF4B-00C04F79EFBC}") = "StaticCodeAnalysis", "StaticCodeAnalysis.csproj", "{359075B7-2B86-4D83-ACAB-96C034FD77EE}"
EndProject
Global
	GlobalSection(SolutionConfigurationPlatforms) = preSolution
		Debug|Any CPU = Debug|Any CPU
		Release|Any CPU = Release|Any CPU
	EndGlobalSection
	GlobalSection(ProjectConfigurationPlatforms) = postSolution
		{359075B7-2B86-4D83-ACAB-96C034FD77EE}.Debug|Any CPU.ActiveCfg = Debug|Any CPU
		{359075B7-2B86-4D83-ACAB-96C034FD77EE}.Debug|Any CPU.Build.0 = Debug|Any CPU
		{359075B7-2B86-4D83-ACAB-96C034FD77EE}.Release|Any CPU.ActiveCfg = Release|Any CPU
		{359075B7-2B86-4D83-ACAB-96C034FD77EE}.Release|Any CPU.Build.0 = Release|Any CPU
	EndGlobalSection
	GlobalSection(SolutionProperties) = preSolution
		HideSolutionNode = FALSE
	EndGlobalSection
	GlobalSection(ExtensibilityGlobals) = postSolution
		SolutionGuid = {15A7B8AE-9869-4BDD-82B6-604F0837D3BA}
	EndGlobalSection
EndGlobal
